PODS:
  - AlipaySDK-iOS (15.7.9)
  - fb_ali_pay (0.0.1):
    - AlipaySDK-iOS
    - Flutter
  - Flutter (1.0.0)

DEPENDENCIES:
  - fb_ali_pay (from `.symlinks/plugins/fb_ali_pay/ios`)
  - Flutter (from `Flutter`)

SPEC REPOS:
  trunk:
    - AlipaySDK-iOS

EXTERNAL SOURCES:
  fb_ali_pay:
    :path: ".symlinks/plugins/fb_ali_pay/ios"
  Flutter:
    :path: Flutter

SPEC CHECKSUMS:
  AlipaySDK-iOS: 94ff4c0e17c5e7d126b8207596d5033006534c25
  fb_ali_pay: 8ed2181066dad36af5cf82b6feeeab164321023b
  Flutter: f04841e97a9d0b0a8025694d0796dd46242b2854

PODFILE CHECKSUM: 61f7f00a6fc3467a8834161d9bd64c4c266aa465

COCOAPODS: 1.14.3
